<?xml version="1.0" encoding="UTF-8"?>
<!DOCTYPE plist PUBLIC "-//Apple//DTD PLIST 1.0//EN" "http://www.apple.com/DTDs/PropertyList-1.0.dtd">
<plist version="1.0">
<dict>
	<key>hostname</key>
	<string>Georges-MacBook-Air.local</string>
	<key>hostuuid</key>
	<string>B96F4DF0-F95D-5189-AAD1-3E1616251F78</string>
	<key>pid</key>
	<integer>508</integer>
	<key>processname</key>
	<string>photolibraryd</string>
	<key>uid</key>
	<integer>501</integer>
</dict>
</plist>
